// !$*UTF8*$!
{
	archiveVersion = 1;
	classes = {
	};
	objectVersion = 56;
	objects = {

/* Begin PBXBuildFile section */
		308B820536AECDFB30DAAD84 /* Pods_To_do.framework in Frameworks */ = {isa = PBXBuildFile; fileRef = 99183966955553A39A030A59 /* Pods_To_do.framework */; };
		C532542E2A4CC1CE00F2A99F /* FeatureFlags.swift in Sources */ = {isa = PBXBuildFile; fileRef = C532542D2A4CC1CE00F2A99F /* FeatureFlags.swift */; };
		C5478D662A4A4BD600C51E6F /* UIImage+Ext.swift in Sources */ = {isa = PBXBuildFile; fileRef = C5478D652A4A4BD600C51E6F /* UIImage+Ext.swift */; };
		C5512DCF2A45C6F200708BB4 /* ExpandableTextView.swift in Sources */ = {isa = PBXBuildFile; fileRef = C5512DCE2A45C6F200708BB4 /* ExpandableTextView.swift */; };
		C561F91E2A423188003EA817 /* TodoListVC.swift in Sources */ = {isa = PBXBuildFile; fileRef = C561F91D2A423188003EA817 /* TodoListVC.swift */; };
		C561F9202A42360B003EA817 /* TodoListPresenter.swift in Sources */ = {isa = PBXBuildFile; fileRef = C561F91F2A42360B003EA817 /* TodoListPresenter.swift */; };
		C561F9242A423F86003EA817 /* TodoDetailVC.swift in Sources */ = {isa = PBXBuildFile; fileRef = C561F9232A423F86003EA817 /* TodoDetailVC.swift */; };
		C561F9282A42422A003EA817 /* TodoLIstAssembly.swift in Sources */ = {isa = PBXBuildFile; fileRef = C561F9272A42422A003EA817 /* TodoLIstAssembly.swift */; };
		C5687A5B2A4654E300C1B7FA /* UIView+Ext.swift in Sources */ = {isa = PBXBuildFile; fileRef = C5687A5A2A4654E300C1B7FA /* UIView+Ext.swift */; };
		C5687A6B2A46608900C1B7FA /* SF-Pro-Display-Bold.otf in Resources */ = {isa = PBXBuildFile; fileRef = C5687A652A46608800C1B7FA /* SF-Pro-Display-Bold.otf */; };
		C5687A6C2A46608900C1B7FA /* SF-Pro-Text-Bold.otf in Resources */ = {isa = PBXBuildFile; fileRef = C5687A662A46608800C1B7FA /* SF-Pro-Text-Bold.otf */; };
		C5687A6D2A46608900C1B7FA /* SF-Pro-Display-Light.otf in Resources */ = {isa = PBXBuildFile; fileRef = C5687A672A46608800C1B7FA /* SF-Pro-Display-Light.otf */; };
		C5687A6E2A46608900C1B7FA /* SF-Pro-Display-Medium.otf in Resources */ = {isa = PBXBuildFile; fileRef = C5687A682A46608800C1B7FA /* SF-Pro-Display-Medium.otf */; };
		C5687A6F2A46608900C1B7FA /* SF-Pro-Text-Light.otf in Resources */ = {isa = PBXBuildFile; fileRef = C5687A692A46608800C1B7FA /* SF-Pro-Text-Light.otf */; };
		C5687A702A46608900C1B7FA /* SF-Pro-Text-Medium.otf in Resources */ = {isa = PBXBuildFile; fileRef = C5687A6A2A46608900C1B7FA /* SF-Pro-Text-Medium.otf */; };
		C5687A722A46617200C1B7FA /* UIFont+Ext.swift in Sources */ = {isa = PBXBuildFile; fileRef = C5687A712A46617200C1B7FA /* UIFont+Ext.swift */; };
		C5687A742A46629500C1B7FA /* UIColor+Ext.swift in Sources */ = {isa = PBXBuildFile; fileRef = C5687A732A46629500C1B7FA /* UIColor+Ext.swift */; };
		C5687A762A466F7E00C1B7FA /* TDScrollViewWithStack.swift in Sources */ = {isa = PBXBuildFile; fileRef = C5687A752A466F7E00C1B7FA /* TDScrollViewWithStack.swift */; };
		C5687A782A4677CA00C1B7FA /* ListView.swift in Sources */ = {isa = PBXBuildFile; fileRef = C5687A772A4677CA00C1B7FA /* ListView.swift */; };
		C5687A7A2A467ED500C1B7FA /* TDImportanceView.swift in Sources */ = {isa = PBXBuildFile; fileRef = C5687A792A467ED500C1B7FA /* TDImportanceView.swift */; };
		C5687A7C2A468BC100C1B7FA /* TDDeadlineView.swift in Sources */ = {isa = PBXBuildFile; fileRef = C5687A7B2A468BC100C1B7FA /* TDDeadlineView.swift */; };
		C5687A7F2A468D6C00C1B7FA /* SF-Pro-Text-Semibold.otf in Resources */ = {isa = PBXBuildFile; fileRef = C5687A7D2A468D6C00C1B7FA /* SF-Pro-Text-Semibold.otf */; };
		C5687A802A468D6C00C1B7FA /* SF-Pro-Display-Semibold.otf in Resources */ = {isa = PBXBuildFile; fileRef = C5687A7E2A468D6C00C1B7FA /* SF-Pro-Display-Semibold.otf */; };
		C5687A822A469C0C00C1B7FA /* TDButton.swift in Sources */ = {isa = PBXBuildFile; fileRef = C5687A812A469C0C00C1B7FA /* TDButton.swift */; };
		C582691C2A4E43D9001E101E /* ViewData.swift in Sources */ = {isa = PBXBuildFile; fileRef = C582691B2A4E43D9001E101E /* ViewData.swift */; };
		C582691E2A4E4466001E101E /* TodoDetailViewModel.swift in Sources */ = {isa = PBXBuildFile; fileRef = C582691D2A4E4466001E101E /* TodoDetailViewModel.swift */; };
		C58EF2542A3A6661003A6E96 /* AppDelegate.swift in Sources */ = {isa = PBXBuildFile; fileRef = C58EF2532A3A6661003A6E96 /* AppDelegate.swift */; };
		C58EF2562A3A6661003A6E96 /* SceneDelegate.swift in Sources */ = {isa = PBXBuildFile; fileRef = C58EF2552A3A6661003A6E96 /* SceneDelegate.swift */; };
		C58EF25D2A3A6662003A6E96 /* Assets.xcassets in Resources */ = {isa = PBXBuildFile; fileRef = C58EF25C2A3A6662003A6E96 /* Assets.xcassets */; };
		C58EF2602A3A6662003A6E96 /* LaunchScreen.storyboard in Resources */ = {isa = PBXBuildFile; fileRef = C58EF25E2A3A6662003A6E96 /* LaunchScreen.storyboard */; };
		C58EF26A2A3A7086003A6E96 /* TodoItem.swift in Sources */ = {isa = PBXBuildFile; fileRef = C58EF2692A3A7086003A6E96 /* TodoItem.swift */; };
		C58EF26C2A3A70F5003A6E96 /* Importance.swift in Sources */ = {isa = PBXBuildFile; fileRef = C58EF26B2A3A70F5003A6E96 /* Importance.swift */; };
		C58EF26F2A3A818F003A6E96 /* FileCache.swift in Sources */ = {isa = PBXBuildFile; fileRef = C58EF26E2A3A818F003A6E96 /* FileCache.swift */; };
		C5BC63722A4A5814001BEDCD /* TodoDetailSettingsView.swift in Sources */ = {isa = PBXBuildFile; fileRef = C5BC63712A4A5814001BEDCD /* TodoDetailSettingsView.swift */; };
		C5BC63742A4A6E43001BEDCD /* Date+Ext.swift in Sources */ = {isa = PBXBuildFile; fileRef = C5BC63732A4A6E43001BEDCD /* Date+Ext.swift */; };
		C5BC63762A4A6F0E001BEDCD /* UIStackView+Ext.swift in Sources */ = {isa = PBXBuildFile; fileRef = C5BC63752A4A6F0E001BEDCD /* UIStackView+Ext.swift */; };
		C5E5F04E2A4F6CD700B8CEF6 /* TodoDetailContentView.swift in Sources */ = {isa = PBXBuildFile; fileRef = C5E5F04D2A4F6CD700B8CEF6 /* TodoDetailContentView.swift */; };
		C5E8C0E62A4FB0430048EDB5 /* CocoaLumberjack in Frameworks */ = {isa = PBXBuildFile; productRef = C5E8C0E52A4FB0430048EDB5 /* CocoaLumberjack */; };
		C5E8C0E82A4FB0430048EDB5 /* CocoaLumberjackSwift in Frameworks */ = {isa = PBXBuildFile; productRef = C5E8C0E72A4FB0430048EDB5 /* CocoaLumberjackSwift */; };
		C5E8C0EA2A4FB0430048EDB5 /* CocoaLumberjackSwiftLogBackend in Frameworks */ = {isa = PBXBuildFile; productRef = C5E8C0E92A4FB0430048EDB5 /* CocoaLumberjackSwiftLogBackend */; };
		C5FF24AB2A4FD02D00029169 /* .swiftlint.yml in Resources */ = {isa = PBXBuildFile; fileRef = C5FF24AA2A4FD02D00029169 /* .swiftlint.yml */; };
/* End PBXBuildFile section */

/* Begin PBXFileReference section */
		6195A622123A34747D336865 /* Pods-To-do.debug.xcconfig */ = {isa = PBXFileReference; includeInIndex = 1; lastKnownFileType = text.xcconfig; name = "Pods-To-do.debug.xcconfig"; path = "Target Support Files/Pods-To-do/Pods-To-do.debug.xcconfig"; sourceTree = "<group>"; };
		99183966955553A39A030A59 /* Pods_To_do.framework */ = {isa = PBXFileReference; explicitFileType = wrapper.framework; includeInIndex = 0; path = Pods_To_do.framework; sourceTree = BUILT_PRODUCTS_DIR; };
		C468BC2CCE94EC9CBF6D43FF /* Pods-To-do.release.xcconfig */ = {isa = PBXFileReference; includeInIndex = 1; lastKnownFileType = text.xcconfig; name = "Pods-To-do.release.xcconfig"; path = "Target Support Files/Pods-To-do/Pods-To-do.release.xcconfig"; sourceTree = "<group>"; };
		C532542D2A4CC1CE00F2A99F /* FeatureFlags.swift */ = {isa = PBXFileReference; lastKnownFileType = sourcecode.swift; path = FeatureFlags.swift; sourceTree = "<group>"; };
		C5478D652A4A4BD600C51E6F /* UIImage+Ext.swift */ = {isa = PBXFileReference; lastKnownFileType = sourcecode.swift; path = "UIImage+Ext.swift"; sourceTree = "<group>"; };
		C5512DCE2A45C6F200708BB4 /* ExpandableTextView.swift */ = {isa = PBXFileReference; lastKnownFileType = sourcecode.swift; path = ExpandableTextView.swift; sourceTree = "<group>"; };
		C561F91D2A423188003EA817 /* TodoListVC.swift */ = {isa = PBXFileReference; lastKnownFileType = sourcecode.swift; path = TodoListVC.swift; sourceTree = "<group>"; };
		C561F91F2A42360B003EA817 /* TodoListPresenter.swift */ = {isa = PBXFileReference; lastKnownFileType = sourcecode.swift; path = TodoListPresenter.swift; sourceTree = "<group>"; };
		C561F9232A423F86003EA817 /* TodoDetailVC.swift */ = {isa = PBXFileReference; lastKnownFileType = sourcecode.swift; path = TodoDetailVC.swift; sourceTree = "<group>"; };
		C561F9272A42422A003EA817 /* TodoLIstAssembly.swift */ = {isa = PBXFileReference; lastKnownFileType = sourcecode.swift; path = TodoLIstAssembly.swift; sourceTree = "<group>"; };
		C5687A5A2A4654E300C1B7FA /* UIView+Ext.swift */ = {isa = PBXFileReference; lastKnownFileType = sourcecode.swift; path = "UIView+Ext.swift"; sourceTree = "<group>"; };
		C5687A652A46608800C1B7FA /* SF-Pro-Display-Bold.otf */ = {isa = PBXFileReference; lastKnownFileType = file; path = "SF-Pro-Display-Bold.otf"; sourceTree = "<group>"; };
		C5687A662A46608800C1B7FA /* SF-Pro-Text-Bold.otf */ = {isa = PBXFileReference; lastKnownFileType = file; path = "SF-Pro-Text-Bold.otf"; sourceTree = "<group>"; };
		C5687A672A46608800C1B7FA /* SF-Pro-Display-Light.otf */ = {isa = PBXFileReference; lastKnownFileType = file; path = "SF-Pro-Display-Light.otf"; sourceTree = "<group>"; };
		C5687A682A46608800C1B7FA /* SF-Pro-Display-Medium.otf */ = {isa = PBXFileReference; lastKnownFileType = file; path = "SF-Pro-Display-Medium.otf"; sourceTree = "<group>"; };
		C5687A692A46608800C1B7FA /* SF-Pro-Text-Light.otf */ = {isa = PBXFileReference; lastKnownFileType = file; path = "SF-Pro-Text-Light.otf"; sourceTree = "<group>"; };
		C5687A6A2A46608900C1B7FA /* SF-Pro-Text-Medium.otf */ = {isa = PBXFileReference; lastKnownFileType = file; path = "SF-Pro-Text-Medium.otf"; sourceTree = "<group>"; };
		C5687A712A46617200C1B7FA /* UIFont+Ext.swift */ = {isa = PBXFileReference; lastKnownFileType = sourcecode.swift; path = "UIFont+Ext.swift"; sourceTree = "<group>"; };
		C5687A732A46629500C1B7FA /* UIColor+Ext.swift */ = {isa = PBXFileReference; lastKnownFileType = sourcecode.swift; path = "UIColor+Ext.swift"; sourceTree = "<group>"; };
		C5687A752A466F7E00C1B7FA /* TDScrollViewWithStack.swift */ = {isa = PBXFileReference; lastKnownFileType = sourcecode.swift; path = TDScrollViewWithStack.swift; sourceTree = "<group>"; };
		C5687A772A4677CA00C1B7FA /* ListView.swift */ = {isa = PBXFileReference; lastKnownFileType = sourcecode.swift; path = ListView.swift; sourceTree = "<group>"; };
		C5687A792A467ED500C1B7FA /* TDImportanceView.swift */ = {isa = PBXFileReference; lastKnownFileType = sourcecode.swift; path = TDImportanceView.swift; sourceTree = "<group>"; };
		C5687A7B2A468BC100C1B7FA /* TDDeadlineView.swift */ = {isa = PBXFileReference; lastKnownFileType = sourcecode.swift; path = TDDeadlineView.swift; sourceTree = "<group>"; };
		C5687A7D2A468D6C00C1B7FA /* SF-Pro-Text-Semibold.otf */ = {isa = PBXFileReference; lastKnownFileType = file; path = "SF-Pro-Text-Semibold.otf"; sourceTree = "<group>"; };
		C5687A7E2A468D6C00C1B7FA /* SF-Pro-Display-Semibold.otf */ = {isa = PBXFileReference; lastKnownFileType = file; path = "SF-Pro-Display-Semibold.otf"; sourceTree = "<group>"; };
		C5687A812A469C0C00C1B7FA /* TDButton.swift */ = {isa = PBXFileReference; lastKnownFileType = sourcecode.swift; path = TDButton.swift; sourceTree = "<group>"; };
		C582691B2A4E43D9001E101E /* ViewData.swift */ = {isa = PBXFileReference; lastKnownFileType = sourcecode.swift; path = ViewData.swift; sourceTree = "<group>"; };
		C582691D2A4E4466001E101E /* TodoDetailViewModel.swift */ = {isa = PBXFileReference; lastKnownFileType = sourcecode.swift; path = TodoDetailViewModel.swift; sourceTree = "<group>"; };
		C58EF2502A3A6661003A6E96 /* To-do.app */ = {isa = PBXFileReference; explicitFileType = wrapper.application; includeInIndex = 0; path = "To-do.app"; sourceTree = BUILT_PRODUCTS_DIR; };
		C58EF2532A3A6661003A6E96 /* AppDelegate.swift */ = {isa = PBXFileReference; lastKnownFileType = sourcecode.swift; path = AppDelegate.swift; sourceTree = "<group>"; };
		C58EF2552A3A6661003A6E96 /* SceneDelegate.swift */ = {isa = PBXFileReference; lastKnownFileType = sourcecode.swift; path = SceneDelegate.swift; sourceTree = "<group>"; };
		C58EF25C2A3A6662003A6E96 /* Assets.xcassets */ = {isa = PBXFileReference; lastKnownFileType = folder.assetcatalog; path = Assets.xcassets; sourceTree = "<group>"; };
		C58EF25F2A3A6662003A6E96 /* Base */ = {isa = PBXFileReference; lastKnownFileType = file.storyboard; name = Base; path = Base.lproj/LaunchScreen.storyboard; sourceTree = "<group>"; };
		C58EF2612A3A6662003A6E96 /* Info.plist */ = {isa = PBXFileReference; lastKnownFileType = text.plist.xml; path = Info.plist; sourceTree = "<group>"; };
		C58EF2692A3A7086003A6E96 /* TodoItem.swift */ = {isa = PBXFileReference; lastKnownFileType = sourcecode.swift; path = TodoItem.swift; sourceTree = "<group>"; };
		C58EF26B2A3A70F5003A6E96 /* Importance.swift */ = {isa = PBXFileReference; lastKnownFileType = sourcecode.swift; path = Importance.swift; sourceTree = "<group>"; };
		C58EF26E2A3A818F003A6E96 /* FileCache.swift */ = {isa = PBXFileReference; lastKnownFileType = sourcecode.swift; path = FileCache.swift; sourceTree = "<group>"; };
		C5BC63712A4A5814001BEDCD /* TodoDetailSettingsView.swift */ = {isa = PBXFileReference; lastKnownFileType = sourcecode.swift; path = TodoDetailSettingsView.swift; sourceTree = "<group>"; };
		C5BC63732A4A6E43001BEDCD /* Date+Ext.swift */ = {isa = PBXFileReference; lastKnownFileType = sourcecode.swift; path = "Date+Ext.swift"; sourceTree = "<group>"; };
		C5BC63752A4A6F0E001BEDCD /* UIStackView+Ext.swift */ = {isa = PBXFileReference; lastKnownFileType = sourcecode.swift; path = "UIStackView+Ext.swift"; sourceTree = "<group>"; };
		C5E5F04D2A4F6CD700B8CEF6 /* TodoDetailContentView.swift */ = {isa = PBXFileReference; lastKnownFileType = sourcecode.swift; path = TodoDetailContentView.swift; sourceTree = "<group>"; };
		C5FF24AA2A4FD02D00029169 /* .swiftlint.yml */ = {isa = PBXFileReference; lastKnownFileType = text.yaml; path = .swiftlint.yml; sourceTree = "<group>"; };
/* End PBXFileReference section */

/* Begin PBXFrameworksBuildPhase section */
		C58EF24D2A3A6661003A6E96 /* Frameworks */ = {
			isa = PBXFrameworksBuildPhase;
			buildActionMask = 2147483647;
			files = (
				C5E8C0E82A4FB0430048EDB5 /* CocoaLumberjackSwift in Frameworks */,
				C5E8C0EA2A4FB0430048EDB5 /* CocoaLumberjackSwiftLogBackend in Frameworks */,
				C5E8C0E62A4FB0430048EDB5 /* CocoaLumberjack in Frameworks */,
				308B820536AECDFB30DAAD84 /* Pods_To_do.framework in Frameworks */,
			);
			runOnlyForDeploymentPostprocessing = 0;
		};
/* End PBXFrameworksBuildPhase section */

/* Begin PBXGroup section */
		08F79BD5696AB181D394D4B4 /* Pods */ = {
			isa = PBXGroup;
			children = (
				6195A622123A34747D336865 /* Pods-To-do.debug.xcconfig */,
				C468BC2CCE94EC9CBF6D43FF /* Pods-To-do.release.xcconfig */,
			);
			path = Pods;
			sourceTree = "<group>";
		};
		39A1D1EBC6BC36528E2AD34F /* Frameworks */ = {
			isa = PBXGroup;
			children = (
				99183966955553A39A030A59 /* Pods_To_do.framework */,
			);
			name = Frameworks;
			sourceTree = "<group>";
		};
		C5144D442A4CF24200DCABA2 /* ViewModel */ = {
			isa = PBXGroup;
			children = (
				C582691D2A4E4466001E101E /* TodoDetailViewModel.swift */,
			);
			path = ViewModel;
			sourceTree = "<group>";
		};
		C529CB1A2A4F9B470091FF00 /* Core */ = {
			isa = PBXGroup;
			children = (
				C561F9232A423F86003EA817 /* TodoDetailVC.swift */,
				C5E5F04D2A4F6CD700B8CEF6 /* TodoDetailContentView.swift */,
				C5BC63712A4A5814001BEDCD /* TodoDetailSettingsView.swift */,
			);
			path = Core;
			sourceTree = "<group>";
		};
		C529CB1B2A4F9B510091FF00 /* Helpers */ = {
			isa = PBXGroup;
			children = (
				C5687A752A466F7E00C1B7FA /* TDScrollViewWithStack.swift */,
				C5687A792A467ED500C1B7FA /* TDImportanceView.swift */,
				C5687A7B2A468BC100C1B7FA /* TDDeadlineView.swift */,
			);
			path = Helpers;
			sourceTree = "<group>";
		};
		C561F90C2A421792003EA817 /* Modules */ = {
			isa = PBXGroup;
			children = (
				C561F9172A4219A8003EA817 /* TodoList */,
				C561F9112A421931003EA817 /* TodoDetail */,
			);
			path = Modules;
			sourceTree = "<group>";
		};
		C561F90D2A42179C003EA817 /* Services */ = {
			isa = PBXGroup;
			children = (
			);
			path = Services;
			sourceTree = "<group>";
		};
		C561F90E2A4217A7003EA817 /* Extensions */ = {
			isa = PBXGroup;
			children = (
				C5687A5A2A4654E300C1B7FA /* UIView+Ext.swift */,
				C5687A712A46617200C1B7FA /* UIFont+Ext.swift */,
				C5687A732A46629500C1B7FA /* UIColor+Ext.swift */,
				C5478D652A4A4BD600C51E6F /* UIImage+Ext.swift */,
				C5BC63732A4A6E43001BEDCD /* Date+Ext.swift */,
				C5BC63752A4A6F0E001BEDCD /* UIStackView+Ext.swift */,
			);
			path = Extensions;
			sourceTree = "<group>";
		};
		C561F90F2A4217B7003EA817 /* Components */ = {
			isa = PBXGroup;
			children = (
				C5512DCE2A45C6F200708BB4 /* ExpandableTextView.swift */,
				C5687A772A4677CA00C1B7FA /* ListView.swift */,
				C5687A812A469C0C00C1B7FA /* TDButton.swift */,
			);
			path = Components;
			sourceTree = "<group>";
		};
		C561F9102A4217C2003EA817 /* Resources */ = {
			isa = PBXGroup;
			children = (
				C5687A5C2A465C5F00C1B7FA /* Fonts */,
				C58EF25C2A3A6662003A6E96 /* Assets.xcassets */,
			);
			path = Resources;
			sourceTree = "<group>";
		};
		C561F9112A421931003EA817 /* TodoDetail */ = {
			isa = PBXGroup;
			children = (
				C5144D442A4CF24200DCABA2 /* ViewModel */,
				C561F9122A421954003EA817 /* View */,
			);
			path = TodoDetail;
			sourceTree = "<group>";
		};
		C561F9122A421954003EA817 /* View */ = {
			isa = PBXGroup;
			children = (
				C529CB1A2A4F9B470091FF00 /* Core */,
				C529CB1B2A4F9B510091FF00 /* Helpers */,
			);
			path = View;
			sourceTree = "<group>";
		};
		C561F9172A4219A8003EA817 /* TodoList */ = {
			isa = PBXGroup;
			children = (
				C561F91C2A421A66003EA817 /* Assembly */,
				C561F91B2A421A60003EA817 /* Presenter */,
				C561F9182A4219B9003EA817 /* View */,
			);
			path = TodoList;
			sourceTree = "<group>";
		};
		C561F9182A4219B9003EA817 /* View */ = {
			isa = PBXGroup;
			children = (
				C561F91D2A423188003EA817 /* TodoListVC.swift */,
			);
			path = View;
			sourceTree = "<group>";
		};
		C561F91B2A421A60003EA817 /* Presenter */ = {
			isa = PBXGroup;
			children = (
				C561F91F2A42360B003EA817 /* TodoListPresenter.swift */,
			);
			path = Presenter;
			sourceTree = "<group>";
		};
		C561F91C2A421A66003EA817 /* Assembly */ = {
			isa = PBXGroup;
			children = (
				C561F9272A42422A003EA817 /* TodoLIstAssembly.swift */,
			);
			path = Assembly;
			sourceTree = "<group>";
		};
		C5687A5C2A465C5F00C1B7FA /* Fonts */ = {
			isa = PBXGroup;
			children = (
				C5687A7E2A468D6C00C1B7FA /* SF-Pro-Display-Semibold.otf */,
				C5687A7D2A468D6C00C1B7FA /* SF-Pro-Text-Semibold.otf */,
				C5687A652A46608800C1B7FA /* SF-Pro-Display-Bold.otf */,
				C5687A672A46608800C1B7FA /* SF-Pro-Display-Light.otf */,
				C5687A682A46608800C1B7FA /* SF-Pro-Display-Medium.otf */,
				C5687A662A46608800C1B7FA /* SF-Pro-Text-Bold.otf */,
				C5687A692A46608800C1B7FA /* SF-Pro-Text-Light.otf */,
				C5687A6A2A46608900C1B7FA /* SF-Pro-Text-Medium.otf */,
			);
			path = Fonts;
			sourceTree = "<group>";
		};
		C58EF2472A3A6661003A6E96 = {
			isa = PBXGroup;
			children = (
				C5FF24AA2A4FD02D00029169 /* .swiftlint.yml */,
				C58EF2522A3A6661003A6E96 /* To-do */,
				C58EF2512A3A6661003A6E96 /* Products */,
				08F79BD5696AB181D394D4B4 /* Pods */,
				39A1D1EBC6BC36528E2AD34F /* Frameworks */,
			);
			sourceTree = "<group>";
		};
		C58EF2512A3A6661003A6E96 /* Products */ = {
			isa = PBXGroup;
			children = (
				C58EF2502A3A6661003A6E96 /* To-do.app */,
			);
			name = Products;
			sourceTree = "<group>";
		};
		C58EF2522A3A6661003A6E96 /* To-do */ = {
			isa = PBXGroup;
			children = (
				C58EF2552A3A6661003A6E96 /* SceneDelegate.swift */,
				C58EF2532A3A6661003A6E96 /* AppDelegate.swift */,
				C532542D2A4CC1CE00F2A99F /* FeatureFlags.swift */,
				C561F90F2A4217B7003EA817 /* Components */,
				C561F90C2A421792003EA817 /* Modules */,
				C561F90D2A42179C003EA817 /* Services */,
				C58EF2682A3A6F9B003A6E96 /* Models */,
				C561F90E2A4217A7003EA817 /* Extensions */,
				C561F9102A4217C2003EA817 /* Resources */,
				C58EF25E2A3A6662003A6E96 /* LaunchScreen.storyboard */,
				C58EF2612A3A6662003A6E96 /* Info.plist */,
			);
			path = "To-do";
			sourceTree = "<group>";
		};
		C58EF2682A3A6F9B003A6E96 /* Models */ = {
			isa = PBXGroup;
			children = (
				C582691B2A4E43D9001E101E /* ViewData.swift */,
				C58EF26E2A3A818F003A6E96 /* FileCache.swift */,
				C58EF2692A3A7086003A6E96 /* TodoItem.swift */,
				C58EF26B2A3A70F5003A6E96 /* Importance.swift */,
			);
			path = Models;
			sourceTree = "<group>";
		};
/* End PBXGroup section */

/* Begin PBXNativeTarget section */
		C58EF24F2A3A6661003A6E96 /* To-do */ = {
			isa = PBXNativeTarget;
			buildConfigurationList = C58EF2642A3A6662003A6E96 /* Build configuration list for PBXNativeTarget "To-do" */;
			buildPhases = (
				2A5CFCBBBAE53347A0EFF603 /* [CP] Check Pods Manifest.lock */,
				C570CBD72A4FC2E00050DED7 /* SwiftLint */,
				C58EF24C2A3A6661003A6E96 /* Sources */,
				C58EF24D2A3A6661003A6E96 /* Frameworks */,
				C58EF24E2A3A6661003A6E96 /* Resources */,
			);
			buildRules = (
			);
			dependencies = (
			);
			name = "To-do";
			packageProductDependencies = (
				C5E8C0E52A4FB0430048EDB5 /* CocoaLumberjack */,
				C5E8C0E72A4FB0430048EDB5 /* CocoaLumberjackSwift */,
				C5E8C0E92A4FB0430048EDB5 /* CocoaLumberjackSwiftLogBackend */,
			);
			productName = "To-do";
			productReference = C58EF2502A3A6661003A6E96 /* To-do.app */;
			productType = "com.apple.product-type.application";
		};
/* End PBXNativeTarget section */

/* Begin PBXProject section */
		C58EF2482A3A6661003A6E96 /* Project object */ = {
			isa = PBXProject;
			attributes = {
				BuildIndependentTargetsInParallel = 1;
				LastSwiftUpdateCheck = 1500;
				LastUpgradeCheck = 1500;
				TargetAttributes = {
					C58EF24F2A3A6661003A6E96 = {
						CreatedOnToolsVersion = 15.0;
					};
				};
			};
			buildConfigurationList = C58EF24B2A3A6661003A6E96 /* Build configuration list for PBXProject "To-do" */;
			compatibilityVersion = "Xcode 14.0";
			developmentRegion = en;
			hasScannedForEncodings = 0;
			knownRegions = (
				en,
				Base,
			);
			mainGroup = C58EF2472A3A6661003A6E96;
			packageReferences = (
				C5E8C0E42A4FB0430048EDB5 /* XCRemoteSwiftPackageReference "CocoaLumberjack" */,
			);
			productRefGroup = C58EF2512A3A6661003A6E96 /* Products */;
			projectDirPath = "";
			projectRoot = "";
			targets = (
				C58EF24F2A3A6661003A6E96 /* To-do */,
			);
		};
/* End PBXProject section */

/* Begin PBXResourcesBuildPhase section */
		C58EF24E2A3A6661003A6E96 /* Resources */ = {
			isa = PBXResourcesBuildPhase;
			buildActionMask = 2147483647;
			files = (
				C5687A6E2A46608900C1B7FA /* SF-Pro-Display-Medium.otf in Resources */,
				C58EF2602A3A6662003A6E96 /* LaunchScreen.storyboard in Resources */,
				C5687A802A468D6C00C1B7FA /* SF-Pro-Display-Semibold.otf in Resources */,
				C5687A6D2A46608900C1B7FA /* SF-Pro-Display-Light.otf in Resources */,
				C58EF25D2A3A6662003A6E96 /* Assets.xcassets in Resources */,
				C5687A702A46608900C1B7FA /* SF-Pro-Text-Medium.otf in Resources */,
				C5687A6C2A46608900C1B7FA /* SF-Pro-Text-Bold.otf in Resources */,
				C5687A7F2A468D6C00C1B7FA /* SF-Pro-Text-Semibold.otf in Resources */,
				C5687A6F2A46608900C1B7FA /* SF-Pro-Text-Light.otf in Resources */,
				C5687A6B2A46608900C1B7FA /* SF-Pro-Display-Bold.otf in Resources */,
				C5FF24AB2A4FD02D00029169 /* .swiftlint.yml in Resources */,
			);
			runOnlyForDeploymentPostprocessing = 0;
		};
/* End PBXResourcesBuildPhase section */

/* Begin PBXShellScriptBuildPhase section */
		2A5CFCBBBAE53347A0EFF603 /* [CP] Check Pods Manifest.lock */ = {
			isa = PBXShellScriptBuildPhase;
			buildActionMask = 2147483647;
			files = (
			);
			inputFileListPaths = (
			);
			inputPaths = (
				"${PODS_PODFILE_DIR_PATH}/Podfile.lock",
				"${PODS_ROOT}/Manifest.lock",
			);
			name = "[CP] Check Pods Manifest.lock";
			outputFileListPaths = (
			);
			outputPaths = (
				"$(DERIVED_FILE_DIR)/Pods-To-do-checkManifestLockResult.txt",
			);
			runOnlyForDeploymentPostprocessing = 0;
			shellPath = /bin/sh;
			shellScript = "diff \"${PODS_PODFILE_DIR_PATH}/Podfile.lock\" \"${PODS_ROOT}/Manifest.lock\" > /dev/null\nif [ $? != 0 ] ; then\n    # print error to STDERR\n    echo \"error: The sandbox is not in sync with the Podfile.lock. Run 'pod install' or update your CocoaPods installation.\" >&2\n    exit 1\nfi\n# This output is used by Xcode 'outputs' to avoid re-running this script phase.\necho \"SUCCESS\" > \"${SCRIPT_OUTPUT_FILE_0}\"\n";
			showEnvVarsInLog = 0;
		};
		C570CBD72A4FC2E00050DED7 /* SwiftLint */ = {
			isa = PBXShellScriptBuildPhase;
			alwaysOutOfDate = 1;
			buildActionMask = 12;
			files = (
			);
			inputFileListPaths = (
			);
			inputPaths = (
			);
			name = SwiftLint;
			outputFileListPaths = (
			);
			outputPaths = (
			);
			runOnlyForDeploymentPostprocessing = 0;
			shellPath = /bin/sh;
			shellScript = "\"${PODS_ROOT}/SwiftLint/swiftlint\" \n";
		};
/* End PBXShellScriptBuildPhase section */

/* Begin PBXSourcesBuildPhase section */
		C58EF24C2A3A6661003A6E96 /* Sources */ = {
			isa = PBXSourcesBuildPhase;
			buildActionMask = 2147483647;
			files = (
				C5478D662A4A4BD600C51E6F /* UIImage+Ext.swift in Sources */,
				C5687A762A466F7E00C1B7FA /* TDScrollViewWithStack.swift in Sources */,
				C5687A722A46617200C1B7FA /* UIFont+Ext.swift in Sources */,
				C5BC63762A4A6F0E001BEDCD /* UIStackView+Ext.swift in Sources */,
				C58EF2542A3A6661003A6E96 /* AppDelegate.swift in Sources */,
				C5BC63742A4A6E43001BEDCD /* Date+Ext.swift in Sources */,
				C5687A782A4677CA00C1B7FA /* ListView.swift in Sources */,
				C5687A822A469C0C00C1B7FA /* TDButton.swift in Sources */,
				C58EF26C2A3A70F5003A6E96 /* Importance.swift in Sources */,
				C561F9282A42422A003EA817 /* TodoLIstAssembly.swift in Sources */,
				C5BC63722A4A5814001BEDCD /* TodoDetailSettingsView.swift in Sources */,
				C58EF26A2A3A7086003A6E96 /* TodoItem.swift in Sources */,
				C532542E2A4CC1CE00F2A99F /* FeatureFlags.swift in Sources */,
				C561F9242A423F86003EA817 /* TodoDetailVC.swift in Sources */,
				C5512DCF2A45C6F200708BB4 /* ExpandableTextView.swift in Sources */,
				C561F9202A42360B003EA817 /* TodoListPresenter.swift in Sources */,
				C5687A5B2A4654E300C1B7FA /* UIView+Ext.swift in Sources */,
				C561F91E2A423188003EA817 /* TodoListVC.swift in Sources */,
				C5687A7A2A467ED500C1B7FA /* TDImportanceView.swift in Sources */,
				C5687A7C2A468BC100C1B7FA /* TDDeadlineView.swift in Sources */,
				C5687A742A46629500C1B7FA /* UIColor+Ext.swift in Sources */,
				C5E5F04E2A4F6CD700B8CEF6 /* TodoDetailContentView.swift in Sources */,
				C58EF26F2A3A818F003A6E96 /* FileCache.swift in Sources */,
				C582691C2A4E43D9001E101E /* ViewData.swift in Sources */,
				C58EF2562A3A6661003A6E96 /* SceneDelegate.swift in Sources */,
				C582691E2A4E4466001E101E /* TodoDetailViewModel.swift in Sources */,
			);
			runOnlyForDeploymentPostprocessing = 0;
		};
/* End PBXSourcesBuildPhase section */

/* Begin PBXVariantGroup section */
		C58EF25E2A3A6662003A6E96 /* LaunchScreen.storyboard */ = {
			isa = PBXVariantGroup;
			children = (
				C58EF25F2A3A6662003A6E96 /* Base */,
			);
			name = LaunchScreen.storyboard;
			sourceTree = "<group>";
		};
/* End PBXVariantGroup section */

/* Begin XCBuildConfiguration section */
		C58EF2622A3A6662003A6E96 /* Debug */ = {
			isa = XCBuildConfiguration;
			buildSettings = {
				ALWAYS_SEARCH_USER_PATHS = NO;
				ASSETCATALOG_COMPILER_GENERATE_SWIFT_ASSET_SYMBOL_EXTENSIONS = YES;
				CLANG_ANALYZER_NONNULL = YES;
				CLANG_ANALYZER_NUMBER_OBJECT_CONVERSION = YES_AGGRESSIVE;
				CLANG_CXX_LANGUAGE_STANDARD = "gnu++20";
				CLANG_ENABLE_MODULES = YES;
				CLANG_ENABLE_OBJC_ARC = YES;
				CLANG_ENABLE_OBJC_WEAK = YES;
				CLANG_WARN_BLOCK_CAPTURE_AUTORELEASING = YES;
				CLANG_WARN_BOOL_CONVERSION = YES;
				CLANG_WARN_COMMA = YES;
				CLANG_WARN_CONSTANT_CONVERSION = YES;
				CLANG_WARN_DEPRECATED_OBJC_IMPLEMENTATIONS = YES;
				CLANG_WARN_DIRECT_OBJC_ISA_USAGE = YES_ERROR;
				CLANG_WARN_DOCUMENTATION_COMMENTS = YES;
				CLANG_WARN_EMPTY_BODY = YES;
				CLANG_WARN_ENUM_CONVERSION = YES;
				CLANG_WARN_INFINITE_RECURSION = YES;
				CLANG_WARN_INT_CONVERSION = YES;
				CLANG_WARN_NON_LITERAL_NULL_CONVERSION = YES;
				CLANG_WARN_OBJC_IMPLICIT_RETAIN_SELF = YES;
				CLANG_WARN_OBJC_LITERAL_CONVERSION = YES;
				CLANG_WARN_OBJC_ROOT_CLASS = YES_ERROR;
				CLANG_WARN_QUOTED_INCLUDE_IN_FRAMEWORK_HEADER = YES;
				CLANG_WARN_RANGE_LOOP_ANALYSIS = YES;
				CLANG_WARN_STRICT_PROTOTYPES = YES;
				CLANG_WARN_SUSPICIOUS_MOVE = YES;
				CLANG_WARN_UNGUARDED_AVAILABILITY = YES_AGGRESSIVE;
				CLANG_WARN_UNREACHABLE_CODE = YES;
				CLANG_WARN__DUPLICATE_METHOD_MATCH = YES;
				COPY_PHASE_STRIP = NO;
				DEBUG_INFORMATION_FORMAT = dwarf;
				ENABLE_STRICT_OBJC_MSGSEND = YES;
				ENABLE_TESTABILITY = YES;
				ENABLE_USER_SCRIPT_SANDBOXING = YES;
				GCC_C_LANGUAGE_STANDARD = gnu17;
				GCC_DYNAMIC_NO_PIC = NO;
				GCC_NO_COMMON_BLOCKS = YES;
				GCC_OPTIMIZATION_LEVEL = 0;
				GCC_PREPROCESSOR_DEFINITIONS = (
					"DEBUG=1",
					"$(inherited)",
				);
				GCC_WARN_64_TO_32_BIT_CONVERSION = YES;
				GCC_WARN_ABOUT_RETURN_TYPE = YES_ERROR;
				GCC_WARN_UNDECLARED_SELECTOR = YES;
				GCC_WARN_UNINITIALIZED_AUTOS = YES_AGGRESSIVE;
				GCC_WARN_UNUSED_FUNCTION = YES;
				GCC_WARN_UNUSED_VARIABLE = YES;
				IPHONEOS_DEPLOYMENT_TARGET = 16.0;
				LOCALIZATION_PREFERS_STRING_CATALOGS = YES;
				MTL_ENABLE_DEBUG_INFO = INCLUDE_SOURCE;
				MTL_FAST_MATH = YES;
				ONLY_ACTIVE_ARCH = YES;
				SDKROOT = iphoneos;
				SWIFT_ACTIVE_COMPILATION_CONDITIONS = "DEBUG $(inherited)";
				SWIFT_OPTIMIZATION_LEVEL = "-Onone";
			};
			name = Debug;
		};
		C58EF2632A3A6662003A6E96 /* Release */ = {
			isa = XCBuildConfiguration;
			buildSettings = {
				ALWAYS_SEARCH_USER_PATHS = NO;
				ASSETCATALOG_COMPILER_GENERATE_SWIFT_ASSET_SYMBOL_EXTENSIONS = YES;
				CLANG_ANALYZER_NONNULL = YES;
				CLANG_ANALYZER_NUMBER_OBJECT_CONVERSION = YES_AGGRESSIVE;
				CLANG_CXX_LANGUAGE_STANDARD = "gnu++20";
				CLANG_ENABLE_MODULES = YES;
				CLANG_ENABLE_OBJC_ARC = YES;
				CLANG_ENABLE_OBJC_WEAK = YES;
				CLANG_WARN_BLOCK_CAPTURE_AUTORELEASING = YES;
				CLANG_WARN_BOOL_CONVERSION = YES;
				CLANG_WARN_COMMA = YES;
				CLANG_WARN_CONSTANT_CONVERSION = YES;
				CLANG_WARN_DEPRECATED_OBJC_IMPLEMENTATIONS = YES;
				CLANG_WARN_DIRECT_OBJC_ISA_USAGE = YES_ERROR;
				CLANG_WARN_DOCUMENTATION_COMMENTS = YES;
				CLANG_WARN_EMPTY_BODY = YES;
				CLANG_WARN_ENUM_CONVERSION = YES;
				CLANG_WARN_INFINITE_RECURSION = YES;
				CLANG_WARN_INT_CONVERSION = YES;
				CLANG_WARN_NON_LITERAL_NULL_CONVERSION = YES;
				CLANG_WARN_OBJC_IMPLICIT_RETAIN_SELF = YES;
				CLANG_WARN_OBJC_LITERAL_CONVERSION = YES;
				CLANG_WARN_OBJC_ROOT_CLASS = YES_ERROR;
				CLANG_WARN_QUOTED_INCLUDE_IN_FRAMEWORK_HEADER = YES;
				CLANG_WARN_RANGE_LOOP_ANALYSIS = YES;
				CLANG_WARN_STRICT_PROTOTYPES = YES;
				CLANG_WARN_SUSPICIOUS_MOVE = YES;
				CLANG_WARN_UNGUARDED_AVAILABILITY = YES_AGGRESSIVE;
				CLANG_WARN_UNREACHABLE_CODE = YES;
				CLANG_WARN__DUPLICATE_METHOD_MATCH = YES;
				COPY_PHASE_STRIP = NO;
				DEBUG_INFORMATION_FORMAT = "dwarf-with-dsym";
				ENABLE_NS_ASSERTIONS = NO;
				ENABLE_STRICT_OBJC_MSGSEND = YES;
				ENABLE_USER_SCRIPT_SANDBOXING = YES;
				GCC_C_LANGUAGE_STANDARD = gnu17;
				GCC_NO_COMMON_BLOCKS = YES;
				GCC_WARN_64_TO_32_BIT_CONVERSION = YES;
				GCC_WARN_ABOUT_RETURN_TYPE = YES_ERROR;
				GCC_WARN_UNDECLARED_SELECTOR = YES;
				GCC_WARN_UNINITIALIZED_AUTOS = YES_AGGRESSIVE;
				GCC_WARN_UNUSED_FUNCTION = YES;
				GCC_WARN_UNUSED_VARIABLE = YES;
				IPHONEOS_DEPLOYMENT_TARGET = 16.0;
				LOCALIZATION_PREFERS_STRING_CATALOGS = YES;
				MTL_ENABLE_DEBUG_INFO = NO;
				MTL_FAST_MATH = YES;
				SDKROOT = iphoneos;
				SWIFT_COMPILATION_MODE = wholemodule;
				VALIDATE_PRODUCT = YES;
			};
			name = Release;
		};
		C58EF2652A3A6662003A6E96 /* Debug */ = {
			isa = XCBuildConfiguration;
			baseConfigurationReference = 6195A622123A34747D336865 /* Pods-To-do.debug.xcconfig */;
			buildSettings = {
				ASSETCATALOG_COMPILER_APPICON_NAME = AppIcon;
				ASSETCATALOG_COMPILER_GLOBAL_ACCENT_COLOR_NAME = AccentColor;
				CODE_SIGN_STYLE = Automatic;
				CURRENT_PROJECT_VERSION = 1;
				DEVELOPMENT_TEAM = CW9ZZNL977;
				GENERATE_INFOPLIST_FILE = YES;
				INFOPLIST_FILE = "To-do/Info.plist";
				INFOPLIST_KEY_UIApplicationSupportsIndirectInputEvents = YES;
				INFOPLIST_KEY_UILaunchStoryboardName = LaunchScreen;
				INFOPLIST_KEY_UIMainStoryboardFile = "";
				INFOPLIST_KEY_UISupportedInterfaceOrientations_iPad = "UIInterfaceOrientationPortrait UIInterfaceOrientationPortraitUpsideDown UIInterfaceOrientationLandscapeLeft UIInterfaceOrientationLandscapeRight";
				INFOPLIST_KEY_UISupportedInterfaceOrientations_iPhone = "UIInterfaceOrientationPortrait UIInterfaceOrientationLandscapeLeft UIInterfaceOrientationLandscapeRight";
				IPHONEOS_DEPLOYMENT_TARGET = 16.0;
				LD_RUNPATH_SEARCH_PATHS = (
					"$(inherited)",
					"@executable_path/Frameworks",
				);
				MARKETING_VERSION = 1.0;
				PRODUCT_BUNDLE_IDENTIFIER = "com.smr.To-do";
				PRODUCT_NAME = "$(TARGET_NAME)";
				SUPPORTED_PLATFORMS = "iphoneos iphonesimulator";
				SUPPORTS_MACCATALYST = NO;
				SUPPORTS_MAC_DESIGNED_FOR_IPHONE_IPAD = NO;
				SWIFT_EMIT_LOC_STRINGS = YES;
				SWIFT_VERSION = 5.0;
				TARGETED_DEVICE_FAMILY = 1;
			};
			name = Debug;
		};
		C58EF2662A3A6662003A6E96 /* Release */ = {
			isa = XCBuildConfiguration;
			baseConfigurationReference = C468BC2CCE94EC9CBF6D43FF /* Pods-To-do.release.xcconfig */;
			buildSettings = {
				ASSETCATALOG_COMPILER_APPICON_NAME = AppIcon;
				ASSETCATALOG_COMPILER_GLOBAL_ACCENT_COLOR_NAME = AccentColor;
				CODE_SIGN_STYLE = Automatic;
				CURRENT_PROJECT_VERSION = 1;
				DEVELOPMENT_TEAM = CW9ZZNL977;
				GENERATE_INFOPLIST_FILE = YES;
				INFOPLIST_FILE = "To-do/Info.plist";
				INFOPLIST_KEY_UIApplicationSupportsIndirectInputEvents = YES;
				INFOPLIST_KEY_UILaunchStoryboardName = LaunchScreen;
				INFOPLIST_KEY_UIMainStoryboardFile = "";
				INFOPLIST_KEY_UISupportedInterfaceOrientations_iPad = "UIInterfaceOrientationPortrait UIInterfaceOrientationPortraitUpsideDown UIInterfaceOrientationLandscapeLeft UIInterfaceOrientationLandscapeRight";
				INFOPLIST_KEY_UISupportedInterfaceOrientations_iPhone = "UIInterfaceOrientationPortrait UIInterfaceOrientationLandscapeLeft UIInterfaceOrientationLandscapeRight";
				IPHONEOS_DEPLOYMENT_TARGET = 16.0;
				LD_RUNPATH_SEARCH_PATHS = (
					"$(inherited)",
					"@executable_path/Frameworks",
				);
				MARKETING_VERSION = 1.0;
				PRODUCT_BUNDLE_IDENTIFIER = "com.smr.To-do";
				PRODUCT_NAME = "$(TARGET_NAME)";
				SUPPORTED_PLATFORMS = "iphoneos iphonesimulator";
				SUPPORTS_MACCATALYST = NO;
				SUPPORTS_MAC_DESIGNED_FOR_IPHONE_IPAD = NO;
				SWIFT_EMIT_LOC_STRINGS = YES;
				SWIFT_VERSION = 5.0;
				TARGETED_DEVICE_FAMILY = 1;
			};
			name = Release;
		};
/* End XCBuildConfiguration section */

/* Begin XCConfigurationList section */
		C58EF24B2A3A6661003A6E96 /* Build configuration list for PBXProject "To-do" */ = {
			isa = XCConfigurationList;
			buildConfigurations = (
				C58EF2622A3A6662003A6E96 /* Debug */,
				C58EF2632A3A6662003A6E96 /* Release */,
			);
			defaultConfigurationIsVisible = 0;
			defaultConfigurationName = Release;
		};
		C58EF2642A3A6662003A6E96 /* Build configuration list for PBXNativeTarget "To-do" */ = {
			isa = XCConfigurationList;
			buildConfigurations = (
				C58EF2652A3A6662003A6E96 /* Debug */,
				C58EF2662A3A6662003A6E96 /* Release */,
			);
			defaultConfigurationIsVisible = 0;
			defaultConfigurationName = Release;
		};
/* End XCConfigurationList section */

/* Begin XCRemoteSwiftPackageReference section */
		C5E8C0E42A4FB0430048EDB5 /* XCRemoteSwiftPackageReference "CocoaLumberjack" */ = {
			isa = XCRemoteSwiftPackageReference;
			repositoryURL = "https://github.com/CocoaLumberjack/CocoaLumberjack";
			requirement = {
				kind = upToNextMajorVersion;
				minimumVersion = 3.8.0;
			};
		};
/* End XCRemoteSwiftPackageReference section */

/* Begin XCSwiftPackageProductDependency section */
		C5E8C0E52A4FB0430048EDB5 /* CocoaLumberjack */ = {
			isa = XCSwiftPackageProductDependency;
			package = C5E8C0E42A4FB0430048EDB5 /* XCRemoteSwiftPackageReference "CocoaLumberjack" */;
			productName = CocoaLumberjack;
		};
		C5E8C0E72A4FB0430048EDB5 /* CocoaLumberjackSwift */ = {
			isa = XCSwiftPackageProductDependency;
			package = C5E8C0E42A4FB0430048EDB5 /* XCRemoteSwiftPackageReference "CocoaLumberjack" */;
			productName = CocoaLumberjackSwift;
		};
		C5E8C0E92A4FB0430048EDB5 /* CocoaLumberjackSwiftLogBackend */ = {
			isa = XCSwiftPackageProductDependency;
			package = C5E8C0E42A4FB0430048EDB5 /* XCRemoteSwiftPackageReference "CocoaLumberjack" */;
			productName = CocoaLumberjackSwiftLogBackend;
		};
/* End XCSwiftPackageProductDependency section */
	};
	rootObject = C58EF2482A3A6661003A6E96 /* Project object */;
}
